
Microsoft Visual Studio Solution File, Format Version 12.00
# Visual Studio 15
VisualStudioVersion = 15.0.27004.2009
MinimumVisualStudioVersion = 10.0.40219.1
Project("{FAE04EC0-301F-11D3-BF4B-00C04F79EFBC}") = "MessageingPipeApp", "MessageingPipeApp\MessageingPipeApp.csproj", "{48D1F81D-E5DD-4314-87F9-507A8B0DB8A3}"
EndProject
Project("{FAE04EC0-301F-11D3-BF4B-00C04F79EFBC}") = "MessageingPipeAppTwo", "MessageingPipeAppTwo\MessageingPipeAppTwo.csproj", "{7D1A83BC-CDEA-45EA-B4E1-9AA4B3032034}"
EndProject
Global
	GlobalSection(SolutionConfigurationPlatforms) = preSolution
		Debug|Any CPU = Debug|Any CPU
		Release|Any CPU = Release|Any CPU
	EndGlobalSection
	GlobalSection(ProjectConfigurationPlatforms) = postSolution
		{48D1F81D-E5DD-4314-87F9-507A8B0DB8A3}.Debug|Any CPU.ActiveCfg = Debug|Any CPU
		{48D1F81D-E5DD-4314-87F9-507A8B0DB8A3}.Debug|Any CPU.Build.0 = Debug|Any CPU
		{48D1F81D-E5DD-4314-87F9-507A8B0DB8A3}.Release|Any CPU.ActiveCfg = Release|Any CPU
		{48D1F81D-E5DD-4314-87F9-507A8B0DB8A3}.Release|Any CPU.Build.0 = Release|Any CPU
		{7D1A83BC-CDEA-45EA-B4E1-9AA4B3032034}.Debug|Any CPU.ActiveCfg = Release|Any CPU
		{7D1A83BC-CDEA-45EA-B4E1-9AA4B3032034}.Debug|Any CPU.Build.0 = Release|Any CPU
		{7D1A83BC-CDEA-45EA-B4E1-9AA4B3032034}.Release|Any CPU.ActiveCfg = Release|Any CPU
		{7D1A83BC-CDEA-45EA-B4E1-9AA4B3032034}.Release|Any CPU.Build.0 = Release|Any CPU
	EndGlobalSection
	GlobalSection(SolutionProperties) = preSolution
		HideSolutionNode = FALSE
	EndGlobalSection
	GlobalSection(ExtensibilityGlobals) = postSolution
		SolutionGuid = {09C87294-F160-4442-A5F4-1D1E26BC88DB}
	EndGlobalSection
EndGlobal
